
Microsoft Visual Studio Solution File, Format Version 12.00
# Visual Studio 15
VisualStudioVersion = 15.0.28307.852
MinimumVisualStudioVersion = 10.0.40219.1
Project("{8BC9CEB8-8B4A-11D0-8D11-00A0C91BC942}") = "CPU_RT", "CPU_RT\CPU_RT.vcxproj", "{38247535-36DD-4DD3-A883-28A00A5D96D4}"
EndProject
Global
	GlobalSection(SolutionConfigurationPlatforms) = preSolution
		Debug|x64 = Debug|x64
		Debug|x86 = Debug|x86
		Release|x64 = Release|x64
		Release|x86 = Release|x86
	EndGlobalSection
	GlobalSection(ProjectConfigurationPlatforms) = postSolution
		{38247535-36DD-4DD3-A883-28A00A5D96D4}.Debug|x64.ActiveCfg = Debug|x64
		{38247535-36DD-4DD3-A883-28A00A5D96D4}.Debug|x64.Build.0 = Debug|x64
		{38247535-36DD-4DD3-A883-28A00A5D96D4}.Debug|x86.ActiveCfg = Debug|Win32
		{38247535-36DD-4DD3-A883-28A00A5D96D4}.Debug|x86.Build.0 = Debug|Win32
		{38247535-36DD-4DD3-A883-28A00A5D96D4}.Release|x64.ActiveCfg = Release|x64
		{38247535-36DD-4DD3-A883-28A00A5D96D4}.Release|x64.Build.0 = Release|x64
		{38247535-36DD-4DD3-A883-28A00A5D96D4}.Release|x86.ActiveCfg = Release|Win32
		{38247535-36DD-4DD3-A883-28A00A5D96D4}.Release|x86.Build.0 = Release|Win32
	EndGlobalSection
	GlobalSection(SolutionProperties) = preSolution
		HideSolutionNode = FALSE
	EndGlobalSection
	GlobalSection(ExtensibilityGlobals) = postSolution
		SolutionGuid = {052CE5DA-B125-4250-A589-98A5B0FA526A}
	EndGlobalSection
EndGlobal
